
Microsoft Visual Studio Solution File, Format Version 12.00
# Visual Studio 15
VisualStudioVersion = 15.0.26430.6
MinimumVisualStudioVersion = 10.0.40219.1
Project("{2150E333-8FDC-42A3-9474-1A3956D46DE8}") = "src", "src", "{2AD7BE9A-934A-4BBD-A31C-41F9D1EEA1B8}"
EndProject
Project("{2150E333-8FDC-42A3-9474-1A3956D46DE8}") = "Solution Items", "Solution Items", "{28C303AA-9745-48CB-B100-A566FBB9BDBB}"
EndProject
Project("{9A19103F-16F7-4668-BE54-9A1E7A4F7556}") = "LetsTryAppInsights", "src\LetsTryAppInsights\LetsTryAppInsights.csproj", "{624E1C08-D3F7-485F-A5CC-D805A88F5FCB}"
EndProject
Global
	GlobalSection(SolutionConfigurationPlatforms) = preSolution
		Debug|Any CPU = Debug|Any CPU
		Release|Any CPU = Release|Any CPU
	EndGlobalSection
	GlobalSection(ProjectConfigurationPlatforms) = postSolution
		{624E1C08-D3F7-485F-A5CC-D805A88F5FCB}.Debug|Any CPU.ActiveCfg = Debug|Any CPU
		{624E1C08-D3F7-485F-A5CC-D805A88F5FCB}.Debug|Any CPU.Build.0 = Debug|Any CPU
		{624E1C08-D3F7-485F-A5CC-D805A88F5FCB}.Release|Any CPU.ActiveCfg = Release|Any CPU
		{624E1C08-D3F7-485F-A5CC-D805A88F5FCB}.Release|Any CPU.Build.0 = Release|Any CPU
	EndGlobalSection
	GlobalSection(SolutionProperties) = preSolution
		HideSolutionNode = FALSE
	EndGlobalSection
	GlobalSection(NestedProjects) = preSolution
		{624E1C08-D3F7-485F-A5CC-D805A88F5FCB} = {2AD7BE9A-934A-4BBD-A31C-41F9D1EEA1B8}
	EndGlobalSection
EndGlobal
