
Microsoft Visual Studio Solution File, Format Version 12.00
# Visual Studio 15
VisualStudioVersion = 15.0.26730.10
MinimumVisualStudioVersion = 10.0.40219.1
Project("{FAE04EC0-301F-11D3-BF4B-00C04F79EFBC}") = "LetsTryFunctionApp", "LetsTryFunctionApp\LetsTryFunctionApp.csproj", "{E3AB422A-D2B4-46E8-A007-7B4B44DC0F5C}"
EndProject
Global
	GlobalSection(SolutionConfigurationPlatforms) = preSolution
		Debug|Any CPU = Debug|Any CPU
		Release|Any CPU = Release|Any CPU
	EndGlobalSection
	GlobalSection(ProjectConfigurationPlatforms) = postSolution
		{E3AB422A-D2B4-46E8-A007-7B4B44DC0F5C}.Debug|Any CPU.ActiveCfg = Debug|Any CPU
		{E3AB422A-D2B4-46E8-A007-7B4B44DC0F5C}.Debug|Any CPU.Build.0 = Debug|Any CPU
		{E3AB422A-D2B4-46E8-A007-7B4B44DC0F5C}.Release|Any CPU.ActiveCfg = Release|Any CPU
		{E3AB422A-D2B4-46E8-A007-7B4B44DC0F5C}.Release|Any CPU.Build.0 = Release|Any CPU
	EndGlobalSection
	GlobalSection(SolutionProperties) = preSolution
		HideSolutionNode = FALSE
	EndGlobalSection
	GlobalSection(ExtensibilityGlobals) = postSolution
		SolutionGuid = {2C62B7B6-9FDE-4BE7-BF37-F8167A7B71A1}
	EndGlobalSection
EndGlobal
